{
  "version": 4,
  "terraform_version": "1.9.8",
  "serial": 32,
  "lineage": "a8fbb120-0ada-4172-c157-2498109e6db6",
  "outputs": {
    "dynamodb_table": {
      "value": "ssooj-receipts",
      "type": "string"
    },
    "presign_function": {
      "value": "ssooj-presign-url",
      "type": "string"
    },
    "processed_bucket": {
      "value": "ssooj-receipts-processed-ACCOUNT_ID",
      "type": "string"
    },
    "queue_url": {
      "value": "https://sqs.eu-west-1.amazonaws.com/ACCOUNT_ID/ssooj-receipts-queue",
      "type": "string"
    },
    "raw_bucket": {
      "value": "ssooj-receipts-raw-ACCOUNT_ID",
      "type": "string"
    },
    "upload_endpoint": {
      "value": "https://API_ID.execute-api.eu-west-1.amazonaws.com/upload",
      "type": "string"
    },
    "worker_function": {
      "value": "ssooj-receipt-worker",
      "type": "string"
    }
  },
  "resources": [
    {
      "mode": "data",
      "type": "archive_file",
      "name": "poppler_layer",
      "provider": "provider[\"registry.terraform.io/hashicorp/archive\"]",
      "instances": [
        {
          "schema_version": 0,
          "attributes": {
            "exclude_symlink_directories": null,
            "excludes": null,
            "id": "c3924749fea0ef7d6b4028e1beea94c6643773f1",
            "output_base64sha256": "fm9M/wzArWfgPrJLMDlxPWPYjYjBrtH6Z9QRSYWdlLc=",
            "output_base64sha512": "RZfEScxcEaJQbCpByTFpR875CwGe2LrC+qskbz1yV/fC+aQe+9ZJoAHUytdbDy8tdnE43EMxsQL4Y4yvt64xMA==",
            "output_file_mode": null,
            "output_md5": "d72fceee62708679c7abdb5eda09d9ef",
            "output_path": "/home/andrefs/Projects/ssooj/infrastructure/artifacts/poppler-layer.zip",
            "output_sha": "c3924749fea0ef7d6b4028e1beea94c6643773f1",
            "output_sha256": "7e6f4cff0cc0ad67e03eb24b3039713d63d88d88c1aed1fa67d41149859d94b7",
            "output_sha512": "4597c449cc5c11a2506c2a41c9316947cef90b019ed8bac2faab246f3d7257f7c2f9a41efbd649a001d4cad75b0f2f2d767138dc4331b102f8638cafb7ae3130",
            "output_size": 15041562,
            "source": [],
            "source_content": null,
            "source_content_filename": null,
            "source_dir": "/home/andrefs/Projects/ssooj/infrastructure/layer/opt",
            "source_file": null,
            "type": "zip"
          },
          "sensitive_attributes": []
        }
      ]
    },
    {
      "mode": "data",
      "type": "archive_file",
      "name": "presign_zip",
      "provider": "provider[\"registry.terraform.io/hashicorp/archive\"]",
      "instances": [
        {
          "schema_version": 0,
          "attributes": {
            "exclude_symlink_directories": null,
            "excludes": null,
            "id": "7fad82a59e58ae8b268ffa1c17beda71258b4f90",
            "output_base64sha256": "J58jrI0nhJEsHX2n/pB0dUPL+gY2cUaBna78LRkLOso=",
            "output_base64sha512": "rg+K72hn12Zz3lCmW0T3SpXA9tK5CBqN3KCnqMVn/Ounhs499XT5tYup9lZ8uT3DKf20jkYqgMItInTyJy7IRg==",
            "output_file_mode": null,
            "output_md5": "5508755891007e7c3f468cffecbbb9c7",
            "output_path": "/home/andrefs/Projects/ssooj/infrastructure/artifacts/presign-url.zip",
            "output_sha": "7fad82a59e58ae8b268ffa1c17beda71258b4f90",
            "output_sha256": "279f23ac8d2784912c1d7da7fe90747543cbfa06367146819daefc2d190b3aca",
            "output_sha512": "ae0f8aef6867d76673de50a65b44f74a95c0f6d2b9081a8ddca0a7a8c567fceba786ce3df574f9b58ba9f6567cb93dc329fdb48e462a80c22d2274f2272ec846",
            "output_size": 11618241,
            "source": [],
            "source_content": null,
            "source_content_filename": null,
            "source_dir": null,
            "source_file": "/home/andrefs/Projects/ssooj/presign-url/bootstrap",
            "type": "zip"
          },
          "sensitive_attributes": []
        }
      ]
    },
    {
      "mode": "data",
      "type": "archive_file",
      "name": "worker_zip",
      "provider": "provider[\"registry.terraform.io/hashicorp/archive\"]",
      "instances": [
        {
          "schema_version": 0,
          "attributes": {
            "exclude_symlink_directories": null,
            "excludes": null,
            "id": "65fdd433a1ec5a7c98509b4ba5edfc086ec8bd1a",
            "output_base64sha256": "NSoJdaPwHgeMl3bE5Rcr1kd2NekJPEczfn/ku/b+r0g=",
            "output_base64sha512": "WUTPw7qWRLuoQOGeTxgD6oG8YgRehGLa4OcdpAIlkEzLUzCPbNm/Qj0vCbFrL1BP5wcjH/8Qq1CTVADXf9OdlQ==",
            "output_file_mode": null,
            "output_md5": "5a0bd1a3686a9fd5c76c48a93ddc3ac3",
            "output_path": "/home/andrefs/Projects/ssooj/infrastructure/artifacts/receipt-worker.zip",
            "output_sha": "65fdd433a1ec5a7c98509b4ba5edfc086ec8bd1a",
            "output_sha256": "352a0975a3f01e078c9776c4e5172bd6477635e9093c47337e7fe4bbf6feaf48",
            "output_sha512": "5944cfc3ba9644bba840e19e4f1803ea81bc62045e8462dae0e71da40225904ccb53308f6cd9bf423d2f09b16b2f504fe707231fff10ab50935400d77fd39d95",
            "output_size": 11956572,
            "source": [],
            "source_content": null,
            "source_content_filename": null,
            "source_dir": null,
            "source_file": "/home/andrefs/Projects/ssooj/receipt-worker/bootstrap",
            "type": "zip"
          },
          "sensitive_attributes": []
        }
      ]
    },
    {
      "mode": "managed",
      "type": "aws_apigatewayv2_api",
      "name": "upload",
      "provider": "provider[\"registry.terraform.io/hashicorp/aws\"]",
      "instances": [
        {
          "schema_version": 0,
          "attributes": {
            "api_endpoint": "https://API_ID.execute-api.eu-west-1.amazonaws.com",
            "api_key_selection_expression": "$request.header.x-api-key",
            "arn": "arn:aws:apigateway:eu-west-1::/apis/API_ID",
            "body": null,
            "cors_configuration": [],
            "credentials_arn": null,
            "description": "",
            "disable_execute_api_endpoint": false,
            "execution_arn": "arn:aws:execute-api:eu-west-1:ACCOUNT_ID:API_ID",
            "fail_on_warnings": null,
            "id": "API_ID",
            "ip_address_type": "ipv4",
            "name": "ssooj-upload",
            "protocol_type": "HTTP",
            "route_key": null,
            "route_selection_expression": "$request.method $request.path",
            "tags": {},
            "tags_all": {
              "ManagedBy": "terraform",
              "Project": "ssooj"
            },
            "target": null,
            "version": ""
          },
          "sensitive_attributes": [],
          "private": "bnVsbA=="
        }
      ]
    },
    {
      "mode": "managed",
      "type": "aws_apigatewayv2_integration",
      "name": "presign",
      "provider": "provider[\"registry.terraform.io/hashicorp/aws\"]",
      "instances": [
        {
          "schema_version": 0,
          "attributes": {
            "api_id": "API_ID",
            "connection_id": "",
            "connection_type": "INTERNET",
            "content_handling_strategy": "",
            "credentials_arn": "",
            "description": "",
            "id": "3plr03h",
            "integration_method": "POST",
            "integration_response_selection_expression": "",
            "integration_subtype": "",
            "integration_type": "AWS_PROXY",
            "integration_uri": "arn:aws:apigateway:eu-west-1:lambda:path/2015-03-31/functions/arn:aws:lambda:eu-west-1:ACCOUNT_ID:function:ssooj-presign-url/invocations",
            "passthrough_behavior": "",
            "payload_format_version": "1.0",
            "request_parameters": {},
            "request_templates": {},
            "response_parameters": [],
            "template_selection_expression": "",
            "timeout_milliseconds": 30000,
            "tls_config": []
          },
          "sensitive_attributes": [],
          "private": "bnVsbA==",
          "dependencies": [
            "aws_apigatewayv2_api.upload",
            "aws_iam_role.presign",
            "aws_lambda_function.presign",
            "aws_s3_bucket.raw",
            "data.archive_file.presign_zip"
          ]
        }
      ]
    },
    {
      "mode": "managed",
      "type": "aws_apigatewayv2_route",
      "name": "upload_options",
      "provider": "provider[\"registry.terraform.io/hashicorp/aws\"]",
      "instances": [
        {
          "schema_version": 0,
          "attributes": {
            "api_id": "API_ID",
            "api_key_required": false,
            "authorization_scopes": [],
            "authorization_type": "NONE",
            "authorizer_id": "",
            "id": "ek8ipwk",
            "model_selection_expression": "",
            "operation_name": "",
            "request_models": {},
            "request_parameter": [],
            "route_key": "OPTIONS /upload",
            "route_response_selection_expression": "",
            "target": "integrations/3plr03h"
          },
          "sensitive_attributes": [],
          "private": "bnVsbA==",
          "dependencies": [
            "aws_apigatewayv2_api.upload",
            "aws_apigatewayv2_integration.presign",
            "aws_iam_role.presign",
            "aws_lambda_function.presign",
            "aws_s3_bucket.raw",
            "data.archive_file.presign_zip"
          ]
        }
      ]
    },
    {
      "mode": "managed",
      "type": "aws_apigatewayv2_route",
      "name": "upload_post",
      "provider": "provider[\"registry.terraform.io/hashicorp/aws\"]",
      "instances": [
        {
          "schema_version": 0,
          "attributes": {
            "api_id": "API_ID",
            "api_key_required": false,
            "authorization_scopes": [],
            "authorization_type": "NONE",
            "authorizer_id": "",
            "id": "hday2nl",
            "model_selection_expression": "",
            "operation_name": "",
            "request_models": {},
            "request_parameter": [],
            "route_key": "POST /upload",
            "route_response_selection_expression": "",
            "target": "integrations/3plr03h"
          },
          "sensitive_attributes": [],
          "private": "bnVsbA==",
          "dependencies": [
            "aws_apigatewayv2_api.upload",
            "aws_apigatewayv2_integration.presign",
            "aws_iam_role.presign",
            "aws_lambda_function.presign",
            "aws_s3_bucket.raw",
            "data.archive_file.presign_zip"
          ]
        }
      ]
    },
    {
      "mode": "managed",
      "type": "aws_apigatewayv2_stage",
      "name": "default",
      "provider": "provider[\"registry.terraform.io/hashicorp/aws\"]",
      "instances": [
        {
          "schema_version": 0,
          "attributes": {
            "access_log_settings": [],
            "api_id": "API_ID",
            "arn": "arn:aws:apigateway:eu-west-1::/apis/API_ID/stages/$default",
            "auto_deploy": true,
            "client_certificate_id": "",
            "default_route_settings": [
              {
                "data_trace_enabled": false,
                "detailed_metrics_enabled": false,
                "logging_level": "",
                "throttling_burst_limit": 0,
                "throttling_rate_limit": 0
              }
            ],
            "deployment_id": "lqmumi",
            "description": "",
            "execution_arn": "arn:aws:execute-api:eu-west-1:ACCOUNT_ID:API_ID/$default",
            "id": "$default",
            "invoke_url": "https://API_ID.execute-api.eu-west-1.amazonaws.com/",
            "name": "$default",
            "route_settings": [],
            "stage_variables": {},
            "tags": {},
            "tags_all": {
              "ManagedBy": "terraform",
              "Project": "ssooj"
            }
          },
          "sensitive_attributes": [],
          "private": "bnVsbA==",
          "dependencies": [
            "aws_apigatewayv2_api.upload"
          ]
        }
      ]
    },
    {
      "mode": "managed",
      "type": "aws_dynamodb_table",
      "name": "receipts",
      "provider": "provider[\"registry.terraform.io/hashicorp/aws\"]",
      "instances": [
        {
          "schema_version": 1,
          "attributes": {
            "arn": "arn:aws:dynamodb:eu-west-1:ACCOUNT_ID:table/ssooj-receipts",
            "attribute": [
              {
                "name": "receipt_id",
                "type": "S"
              }
            ],
            "billing_mode": "PAY_PER_REQUEST",
            "deletion_protection_enabled": false,
            "global_secondary_index": [],
            "hash_key": "receipt_id",
            "id": "ssooj-receipts",
            "import_table": [],
            "local_secondary_index": [],
            "name": "ssooj-receipts",
            "on_demand_throughput": [],
            "point_in_time_recovery": [
              {
                "enabled": false,
                "recovery_period_in_days": 0
              }
            ],
            "range_key": null,
            "read_capacity": 0,
            "replica": [],
            "restore_date_time": null,
            "restore_source_name": null,
            "restore_source_table_arn": null,
            "restore_to_latest_time": null,
            "server_side_encryption": [],
            "stream_arn": "",
            "stream_enabled": false,
            "stream_label": "",
            "stream_view_type": "",
            "table_class": "STANDARD",
            "tags": {},
            "tags_all": {
              "ManagedBy": "terraform",
              "Project": "ssooj"
            },
            "timeouts": null,
            "ttl": [
              {
                "attribute_name": "",
                "enabled": false
              }
            ],
            "write_capacity": 0
          },
          "sensitive_attributes": [],
          "private": "eyJlMmJmYjczMC1lY2FhLTExZTYtOGY4OC0zNDM2M2JjN2M0YzAiOnsiY3JlYXRlIjoxODAwMDAwMDAwMDAwLCJkZWxldGUiOjYwMDAwMDAwMDAwMCwidXBkYXRlIjozNjAwMDAwMDAwMDAwfSwic2NoZW1hX3ZlcnNpb24iOiIxIn0="
        }
      ]
    },
    {
      "mode": "managed",
      "type": "aws_iam_role",
      "name": "presign",
      "provider": "provider[\"registry.terraform.io/hashicorp/aws\"]",
      "instances": [
        {
          "schema_version": 0,
          "attributes": {
            "arn": "arn:aws:iam::ACCOUNT_ID:role/ssooj-presign-role",
            "assume_role_policy": "{\"Statement\":[{\"Action\":\"sts:AssumeRole\",\"Effect\":\"Allow\",\"Principal\":{\"Service\":\"lambda.amazonaws.com\"}}],\"Version\":\"2012-10-17\"}",
            "create_date": "2026-08-07T18:40:49Z",
            "description": "",
            "force_detach_policies": false,
            "id": "ssooj-presign-role",
            "inline_policy": [
              {
                "name": "ssooj-presign-policy",
                "policy": "{\"Version\":\"2012-10-17\",\"Statement\":[{\"Action\":[\"s3:PutObject\"],\"Effect\":\"Allow\",\"Resource\":\"arn:aws:s3:::ssooj-receipts-raw-ACCOUNT_ID/raw/*\"},{\"Action\":[\"logs:CreateLogGroup\",\"logs:CreateLogStream\",\"logs:PutLogEvents\"],\"Effect\":\"Allow\",\"Resource\":\"*\"}]}"
              }
            ],
            "managed_policy_arns": [],
            "max_session_duration": 3600,
            "name": "ssooj-presign-role",
            "name_prefix": "",
            "path": "/",
            "permissions_boundary": "",
            "tags": {},
            "tags_all": {
              "ManagedBy": "terraform",
              "Project": "ssooj"
            },
            "unique_id": "AROA5M2PVVA6YAB2RAAD6"
          },
          "sensitive_attributes": [],
          "private": "bnVsbA=="
        }
      ]
    },
    {
      "mode": "managed",
      "type": "aws_iam_role",
      "name": "worker",
      "provider": "provider[\"registry.terraform.io/hashicorp/aws\"]",
      "instances": [
        {
          "schema_version": 0,
          "attributes": {
            "arn": "arn:aws:iam::ACCOUNT_ID:role/ssooj-worker-role",
            "assume_role_policy": "{\"Statement\":[{\"Action\":\"sts:AssumeRole\",\"Effect\":\"Allow\",\"Principal\":{\"Service\":\"lambda.amazonaws.com\"}}],\"Version\":\"2012-10-17\"}",
            "create_date": "2026-08-07T18:40:49Z",
            "description": "",
            "force_detach_policies": false,
            "id": "ssooj-worker-role",
            "inline_policy": [
              {
                "name": "ssooj-worker-policy",
                "policy": "{\"Version\":\"2012-10-17\",\"Statement\":[{\"Action\":[\"s3:GetObject\"],\"Effect\":\"Allow\",\"Resource\":\"arn:aws:s3:::ssooj-receipts-raw-ACCOUNT_ID/raw/*\"},{\"Action\":[\"s3:PutObject\"],\"Effect\":\"Allow\",\"Resource\":\"arn:aws:s3:::ssooj-receipts-processed-ACCOUNT_ID/*\"},{\"Action\":[\"sqs:ReceiveMessage\",\"sqs:DeleteMessage\",\"sqs:GetQueueAttributes\"],\"Effect\":\"Allow\",\"Resource\":\"arn:aws:sqs:eu-west-1:ACCOUNT_ID:ssooj-receipts-queue\"},{\"Action\":[\"dynamodb:PutItem\"],\"Effect\":\"Allow\",\"Resource\":\"arn:aws:dynamodb:eu-west-1:ACCOUNT_ID:table/ssooj-receipts\"},{\"Action\":[\"logs:CreateLogGroup\",\"logs:CreateLogStream\",\"logs:PutLogEvents\"],\"Effect\":\"Allow\",\"Resource\":\"*\"}]}"
              }
            ],
            "managed_policy_arns": [],
            "max_session_duration": 3600,
            "name": "ssooj-worker-role",
            "name_prefix": "",
            "path": "/",
            "permissions_boundary": "",
            "tags": {},
            "tags_all": {
              "ManagedBy": "terraform",
              "Project": "ssooj"
            },
            "unique_id": "AROA5M2PVVA65ZHS7NZNS"
          },
          "sensitive_attributes": [],
          "private": "bnVsbA=="
        }
      ]
    },
    {
      "mode": "managed",
      "type": "aws_iam_role_policy",
      "name": "presign",
      "provider": "provider[\"registry.terraform.io/hashicorp/aws\"]",
      "instances": [
        {
          "schema_version": 0,
          "attributes": {
            "id": "ssooj-presign-role:ssooj-presign-policy",
            "name": "ssooj-presign-policy",
            "name_prefix": "",
            "policy": "{\"Version\":\"2012-10-17\",\"Statement\":[{\"Action\":[\"s3:PutObject\"],\"Effect\":\"Allow\",\"Resource\":\"arn:aws:s3:::ssooj-receipts-raw-ACCOUNT_ID/raw/*\"},{\"Action\":[\"logs:CreateLogGroup\",\"logs:CreateLogStream\",\"logs:PutLogEvents\"],\"Effect\":\"Allow\",\"Resource\":\"*\"}]}",
            "role": "ssooj-presign-role"
          },
          "sensitive_attributes": [],
          "private": "bnVsbA==",
          "dependencies": [
            "aws_iam_role.presign",
            "aws_s3_bucket.raw"
          ]
        }
      ]
    },
    {
      "mode": "managed",
      "type": "aws_iam_role_policy",
      "name": "worker",
      "provider": "provider[\"registry.terraform.io/hashicorp/aws\"]",
      "instances": [
        {
          "schema_version": 0,
          "attributes": {
            "id": "ssooj-worker-role:ssooj-worker-policy",
            "name": "ssooj-worker-policy",
            "name_prefix": "",
            "policy": "{\"Version\":\"2012-10-17\",\"Statement\":[{\"Action\":[\"s3:GetObject\"],\"Effect\":\"Allow\",\"Resource\":\"arn:aws:s3:::ssooj-receipts-raw-ACCOUNT_ID/raw/*\"},{\"Action\":[\"s3:PutObject\"],\"Effect\":\"Allow\",\"Resource\":\"arn:aws:s3:::ssooj-receipts-processed-ACCOUNT_ID/*\"},{\"Action\":[\"sqs:ReceiveMessage\",\"sqs:DeleteMessage\",\"sqs:GetQueueAttributes\"],\"Effect\":\"Allow\",\"Resource\":\"arn:aws:sqs:eu-west-1:ACCOUNT_ID:ssooj-receipts-queue\"},{\"Action\":[\"dynamodb:PutItem\"],\"Effect\":\"Allow\",\"Resource\":\"arn:aws:dynamodb:eu-west-1:ACCOUNT_ID:table/ssooj-receipts\"},{\"Action\":[\"logs:CreateLogGroup\",\"logs:CreateLogStream\",\"logs:PutLogEvents\"],\"Effect\":\"Allow\",\"Resource\":\"*\"}]}",
            "role": "ssooj-worker-role"
          },
          "sensitive_attributes": [],
          "private": "bnVsbA==",
          "dependencies": [
            "aws_dynamodb_table.receipts",
            "aws_iam_role.worker",
            "aws_s3_bucket.processed",
            "aws_s3_bucket.raw",
            "aws_sqs_queue.dlq",
            "aws_sqs_queue.main"
          ]
        }
      ]
    },
    {
      "mode": "managed",
      "type": "aws_lambda_event_source_mapping",
      "name": "worker_sqs",
      "provider": "provider[\"registry.terraform.io/hashicorp/aws\"]",
      "instances": [
        {
          "schema_version": 0,
          "attributes": {
            "amazon_managed_kafka_event_source_config": [],
            "arn": "arn:aws:lambda:eu-west-1:ACCOUNT_ID:event-source-mapping:a64ef3d6-c4dd-4747-b7b6-09883e5451a3",
            "batch_size": 1,
            "bisect_batch_on_function_error": false,
            "destination_config": [],
            "document_db_event_source_config": [],
            "enabled": true,
            "event_source_arn": "arn:aws:sqs:eu-west-1:ACCOUNT_ID:ssooj-receipts-queue",
            "filter_criteria": [],
            "function_arn": "arn:aws:lambda:eu-west-1:ACCOUNT_ID:function:ssooj-receipt-worker",
            "function_name": "arn:aws:lambda:eu-west-1:ACCOUNT_ID:function:ssooj-receipt-worker",
            "function_response_types": [],
            "id": "a64ef3d6-c4dd-4747-b7b6-09883e5451a3",
            "kms_key_arn": "",
            "last_modified": "2026-08-07T18:41:49Z",
            "last_processing_result": "",
            "maximum_batching_window_in_seconds": 0,
            "maximum_record_age_in_seconds": 0,
            "maximum_retry_attempts": 0,
            "metrics_config": [],
            "parallelization_factor": 0,
            "provisioned_poller_config": [],
            "queues": [],
            "scaling_config": [],
            "self_managed_event_source": [],
            "self_managed_kafka_event_source_config": [],
            "source_access_configuration": [],
            "starting_position": "",
            "starting_position_timestamp": "",
            "state": "Enabled",
            "state_transition_reason": "USER_INITIATED",
            "tags": {},
            "tags_all": {
              "ManagedBy": "terraform",
              "Project": "ssooj"
            },
            "topics": [],
            "tumbling_window_in_seconds": 0,
            "uuid": "a64ef3d6-c4dd-4747-b7b6-09883e5451a3"
          },
          "sensitive_attributes": [],
          "private": "bnVsbA==",
          "dependencies": [
            "aws_dynamodb_table.receipts",
            "aws_iam_role.worker",
            "aws_lambda_function.worker",
            "aws_lambda_layer_version.poppler",
            "aws_s3_bucket.processed",
            "aws_s3_bucket.raw",
            "aws_sqs_queue.dlq",
            "aws_sqs_queue.main",
            "data.archive_file.poppler_layer",
            "data.archive_file.worker_zip"
          ]
        }
      ]
    },
    {
      "mode": "managed",
      "type": "aws_lambda_function",
      "name": "presign",
      "provider": "provider[\"registry.terraform.io/hashicorp/aws\"]",
      "instances": [
        {
          "schema_version": 0,
          "attributes": {
            "architectures": [
              "x86_64"
            ],
            "arn": "arn:aws:lambda:eu-west-1:ACCOUNT_ID:function:ssooj-presign-url",
            "code_sha256": "NE23zVnUmJSmCTye0Hvd+xvQHI7TfgGTfEOZfVanjsQ=",
            "code_signing_config_arn": "",
            "dead_letter_config": [],
            "description": "",
            "environment": [
              {
                "variables": {
                  "BUCKET": "ssooj-receipts-raw-ACCOUNT_ID"
                }
              }
            ],
            "ephemeral_storage": [
              {
                "size": 512
              }
            ],
            "file_system_config": [],
            "filename": "/home/andrefs/Projects/ssooj/infrastructure/artifacts/presign-url.zip",
            "function_name": "ssooj-presign-url",
            "handler": "bootstrap",
            "id": "ssooj-presign-url",
            "image_config": [],
            "image_uri": "",
            "invoke_arn": "arn:aws:apigateway:eu-west-1:lambda:path/2015-03-31/functions/arn:aws:lambda:eu-west-1:ACCOUNT_ID:function:ssooj-presign-url/invocations",
            "kms_key_arn": "",
            "last_modified": "2026-08-07T18:57:40.000+0000",
            "layers": [],
            "logging_config": [
              {
                "application_log_level": "",
                "log_format": "Text",
                "log_group": "/aws/lambda/ssooj-presign-url",
                "system_log_level": ""
              }
            ],
            "memory_size": 128,
            "package_type": "Zip",
            "publish": false,
            "qualified_arn": "arn:aws:lambda:eu-west-1:ACCOUNT_ID:function:ssooj-presign-url:$LATEST",
            "qualified_invoke_arn": "arn:aws:apigateway:eu-west-1:lambda:path/2015-03-31/functions/arn:aws:lambda:eu-west-1:ACCOUNT_ID:function:ssooj-presign-url:$LATEST/invocations",
            "replace_security_groups_on_destroy": null,
            "replacement_security_group_ids": null,
            "reserved_concurrent_executions": -1,
            "role": "arn:aws:iam::ACCOUNT_ID:role/ssooj-presign-role",
            "runtime": "provided.al2023",
            "s3_bucket": null,
            "s3_key": null,
            "s3_object_version": null,
            "signing_job_arn": "",
            "signing_profile_version_arn": "",
            "skip_destroy": false,
            "snap_start": [],
            "source_code_hash": "",
            "source_code_size": 11458427,
            "tags": {},
            "tags_all": {
              "ManagedBy": "terraform",
              "Project": "ssooj"
            },
            "timeout": 10,
            "timeouts": null,
            "tracing_config": [
              {
                "mode": "PassThrough"
              }
            ],
            "version": "$LATEST",
            "vpc_config": []
          },
          "sensitive_attributes": [],
          "private": "eyJlMmJmYjczMC1lY2FhLTExZTYtOGY4OC0zNDM2M2JjN2M0YzAiOnsiY3JlYXRlIjo2MDAwMDAwMDAwMDAsImRlbGV0ZSI6NjAwMDAwMDAwMDAwLCJ1cGRhdGUiOjYwMDAwMDAwMDAwMH19",
          "dependencies": [
            "aws_iam_role.presign",
            "aws_s3_bucket.raw",
            "data.archive_file.presign_zip"
          ]
        }
      ]
    },
    {
      "mode": "managed",
      "type": "aws_lambda_function",
      "name": "worker",
      "provider": "provider[\"registry.terraform.io/hashicorp/aws\"]",
      "instances": [
        {
          "schema_version": 0,
          "attributes": {
            "architectures": [
              "x86_64"
            ],
            "arn": "arn:aws:lambda:eu-west-1:ACCOUNT_ID:function:ssooj-receipt-worker",
            "code_sha256": "NSoJdaPwHgeMl3bE5Rcr1kd2NekJPEczfn/ku/b+r0g=",
            "code_signing_config_arn": "",
            "dead_letter_config": [],
            "description": "",
            "environment": [
              {
                "variables": {
                  "DYNAMO_TABLE": "ssooj-receipts",
                  "PROCESSED_BUCKET": "ssooj-receipts-processed-ACCOUNT_ID",
                  "RAW_BUCKET": "ssooj-receipts-raw-ACCOUNT_ID"
                }
              }
            ],
            "ephemeral_storage": [
              {
                "size": 512
              }
            ],
            "file_system_config": [],
            "filename": "/home/andrefs/Projects/ssooj/infrastructure/artifacts/receipt-worker.zip",
            "function_name": "ssooj-receipt-worker",
            "handler": "bootstrap",
            "id": "ssooj-receipt-worker",
            "image_config": [],
            "image_uri": "",
            "invoke_arn": "arn:aws:apigateway:eu-west-1:lambda:path/2015-03-31/functions/arn:aws:lambda:eu-west-1:ACCOUNT_ID:function:ssooj-receipt-worker/invocations",
            "kms_key_arn": "",
            "last_modified": "2026-08-07T18:41:10.429+0000",
            "layers": [
              "arn:aws:lambda:eu-west-1:ACCOUNT_ID:layer:poppler-utils:4"
            ],
            "logging_config": [
              {
                "application_log_level": "",
                "log_format": "Text",
                "log_group": "/aws/lambda/ssooj-receipt-worker",
                "system_log_level": ""
              }
            ],
            "memory_size": 256,
            "package_type": "Zip",
            "publish": false,
            "qualified_arn": "arn:aws:lambda:eu-west-1:ACCOUNT_ID:function:ssooj-receipt-worker:$LATEST",
            "qualified_invoke_arn": "arn:aws:apigateway:eu-west-1:lambda:path/2015-03-31/functions/arn:aws:lambda:eu-west-1:ACCOUNT_ID:function:ssooj-receipt-worker:$LATEST/invocations",
            "replace_security_groups_on_destroy": null,
            "replacement_security_group_ids": null,
            "reserved_concurrent_executions": -1,
            "role": "arn:aws:iam::ACCOUNT_ID:role/ssooj-worker-role",
            "runtime": "provided.al2023",
            "s3_bucket": null,
            "s3_key": null,
            "s3_object_version": null,
            "signing_job_arn": "",
            "signing_profile_version_arn": "",
            "skip_destroy": false,
            "snap_start": [],
            "source_code_hash": "",
            "source_code_size": 11956572,
            "tags": {},
            "tags_all": {
              "ManagedBy": "terraform",
              "Project": "ssooj"
            },
            "timeout": 30,
            "timeouts": null,
            "tracing_config": [
              {
                "mode": "PassThrough"
              }
            ],
            "version": "$LATEST",
            "vpc_config": []
          },
          "sensitive_attributes": [],
          "private": "eyJlMmJmYjczMC1lY2FhLTExZTYtOGY4OC0zNDM2M2JjN2M0YzAiOnsiY3JlYXRlIjo2MDAwMDAwMDAwMDAsImRlbGV0ZSI6NjAwMDAwMDAwMDAwLCJ1cGRhdGUiOjYwMDAwMDAwMDAwMH19",
          "dependencies": [
            "aws_dynamodb_table.receipts",
            "aws_iam_role.worker",
            "aws_lambda_layer_version.poppler",
            "aws_s3_bucket.processed",
            "aws_s3_bucket.raw",
            "data.archive_file.poppler_layer",
            "data.archive_file.worker_zip"
          ]
        }
      ]
    },
    {
      "mode": "managed",
      "type": "aws_lambda_layer_version",
      "name": "poppler",
      "provider": "provider[\"registry.terraform.io/hashicorp/aws\"]",
      "instances": [
        {
          "schema_version": 0,
          "attributes": {
            "arn": "arn:aws:lambda:eu-west-1:ACCOUNT_ID:layer:poppler-utils:4",
            "code_sha256": "fm9M/wzArWfgPrJLMDlxPWPYjYjBrtH6Z9QRSYWdlLc=",
            "compatible_architectures": [],
            "compatible_runtimes": [
              "provided.al2023"
            ],
            "created_date": "2026-08-07T18:41:00.631+0000",
            "description": "",
            "filename": "/home/andrefs/Projects/ssooj/infrastructure/artifacts/poppler-layer.zip",
            "id": "arn:aws:lambda:eu-west-1:ACCOUNT_ID:layer:poppler-utils:4",
            "layer_arn": "arn:aws:lambda:eu-west-1:ACCOUNT_ID:layer:poppler-utils",
            "layer_name": "poppler-utils",
            "license_info": "",
            "s3_bucket": null,
            "s3_key": null,
            "s3_object_version": null,
            "signing_job_arn": "",
            "signing_profile_version_arn": "",
            "skip_destroy": false,
            "source_code_hash": "",
            "source_code_size": 15041562,
            "version": "4"
          },
          "sensitive_attributes": [],
          "private": "bnVsbA==",
          "dependencies": [
            "data.archive_file.poppler_layer"
          ]
        }
      ]
    },
    {
      "mode": "managed",
      "type": "aws_lambda_permission",
      "name": "apigw_invoke_presign",
      "provider": "provider[\"registry.terraform.io/hashicorp/aws\"]",
      "instances": [
        {
          "schema_version": 0,
          "attributes": {
            "action": "lambda:InvokeFunction",
            "event_source_token": null,
            "function_name": "arn:aws:lambda:eu-west-1:ACCOUNT_ID:function:ssooj-presign-url",
            "function_url_auth_type": null,
            "id": "apigw-invoke-presign",
            "principal": "apigateway.amazonaws.com",
            "principal_org_id": null,
            "qualifier": "",
            "source_account": null,
            "source_arn": "arn:aws:execute-api:eu-west-1:ACCOUNT_ID:API_ID/*/*/upload",
            "statement_id": "apigw-invoke-presign",
            "statement_id_prefix": ""
          },
          "sensitive_attributes": [],
          "private": "bnVsbA==",
          "dependencies": [
            "aws_apigatewayv2_api.upload",
            "aws_iam_role.presign",
            "aws_lambda_function.presign",
            "aws_s3_bucket.raw",
            "data.archive_file.presign_zip"
          ]
        }
      ]
    },
    {
      "mode": "managed",
      "type": "aws_s3_bucket",
      "name": "processed",
      "provider": "provider[\"registry.terraform.io/hashicorp/aws\"]",
      "instances": [
        {
          "schema_version": 0,
          "attributes": {
            "acceleration_status": "",
            "acl": null,
            "arn": "arn:aws:s3:::ssooj-receipts-processed-ACCOUNT_ID",
            "bucket": "ssooj-receipts-processed-ACCOUNT_ID",
            "bucket_domain_name": "ssooj-receipts-processed-ACCOUNT_ID.s3.amazonaws.com",
            "bucket_prefix": "",
            "bucket_regional_domain_name": "ssooj-receipts-processed-ACCOUNT_ID.s3.eu-west-1.amazonaws.com",
            "cors_rule": [],
            "force_destroy": false,
            "grant": [
              {
                "id": "197a7f877c4d8951361c566231ecdb6a64300af7d2c5d33c438f549de79c77c2",
                "permissions": [
                  "FULL_CONTROL"
                ],
                "type": "CanonicalUser",
                "uri": ""
              }
            ],
            "hosted_zone_id": "Z1BKCTXD74EZPE",
            "id": "ssooj-receipts-processed-ACCOUNT_ID",
            "lifecycle_rule": [],
            "logging": [],
            "object_lock_configuration": [],
            "object_lock_enabled": false,
            "policy": "",
            "region": "eu-west-1",
            "replication_configuration": [],
            "request_payer": "BucketOwner",
            "server_side_encryption_configuration": [
              {
                "rule": [
                  {
                    "apply_server_side_encryption_by_default": [
                      {
                        "kms_master_key_id": "",
                        "sse_algorithm": "AES256"
                      }
                    ],
                    "bucket_key_enabled": false
                  }
                ]
              }
            ],
            "tags": {},
            "tags_all": {
              "ManagedBy": "terraform",
              "Project": "ssooj"
            },
            "timeouts": null,
            "versioning": [
              {
                "enabled": false,
                "mfa_delete": false
              }
            ],
            "website": [],
            "website_domain": null,
            "website_endpoint": null
          },
          "sensitive_attributes": [],
          "private": "eyJlMmJmYjczMC1lY2FhLTExZTYtOGY4OC0zNDM2M2JjN2M0YzAiOnsiY3JlYXRlIjoxMjAwMDAwMDAwMDAwLCJkZWxldGUiOjM2MDAwMDAwMDAwMDAsInJlYWQiOjEyMDAwMDAwMDAwMDAsInVwZGF0ZSI6MTIwMDAwMDAwMDAwMH19"
        }
      ]
    },
    {
      "mode": "managed",
      "type": "aws_s3_bucket",
      "name": "raw",
      "provider": "provider[\"registry.terraform.io/hashicorp/aws\"]",
      "instances": [
        {
          "schema_version": 0,
          "attributes": {
            "acceleration_status": "",
            "acl": null,
            "arn": "arn:aws:s3:::ssooj-receipts-raw-ACCOUNT_ID",
            "bucket": "ssooj-receipts-raw-ACCOUNT_ID",
            "bucket_domain_name": "ssooj-receipts-raw-ACCOUNT_ID.s3.amazonaws.com",
            "bucket_prefix": "",
            "bucket_regional_domain_name": "ssooj-receipts-raw-ACCOUNT_ID.s3.eu-west-1.amazonaws.com",
            "cors_rule": [],
            "force_destroy": false,
            "grant": [
              {
                "id": "197a7f877c4d8951361c566231ecdb6a64300af7d2c5d33c438f549de79c77c2",
                "permissions": [
                  "FULL_CONTROL"
                ],
                "type": "CanonicalUser",
                "uri": ""
              }
            ],
            "hosted_zone_id": "Z1BKCTXD74EZPE",
            "id": "ssooj-receipts-raw-ACCOUNT_ID",
            "lifecycle_rule": [],
            "logging": [],
            "object_lock_configuration": [],
            "object_lock_enabled": false,
            "policy": "",
            "region": "eu-west-1",
            "replication_configuration": [],
            "request_payer": "BucketOwner",
            "server_side_encryption_configuration": [
              {
                "rule": [
                  {
                    "apply_server_side_encryption_by_default": [
                      {
                        "kms_master_key_id": "",
                        "sse_algorithm": "AES256"
                      }
                    ],
                    "bucket_key_enabled": false
                  }
                ]
              }
            ],
            "tags": {},
            "tags_all": {
              "ManagedBy": "terraform",
              "Project": "ssooj"
            },
            "timeouts": null,
            "versioning": [
              {
                "enabled": true,
                "mfa_delete": false
              }
            ],
            "website": [],
            "website_domain": null,
            "website_endpoint": null
          },
          "sensitive_attributes": [],
          "private": "eyJlMmJmYjczMC1lY2FhLTExZTYtOGY4OC0zNDM2M2JjN2M0YzAiOnsiY3JlYXRlIjoxMjAwMDAwMDAwMDAwLCJkZWxldGUiOjM2MDAwMDAwMDAwMDAsInJlYWQiOjEyMDAwMDAwMDAwMDAsInVwZGF0ZSI6MTIwMDAwMDAwMDAwMH19"
        }
      ]
    },
    {
      "mode": "managed",
      "type": "aws_s3_bucket_cors_configuration",
      "name": "raw",
      "provider": "provider[\"registry.terraform.io/hashicorp/aws\"]",
      "instances": [
        {
          "schema_version": 0,
          "attributes": {
            "bucket": "ssooj-receipts-raw-ACCOUNT_ID",
            "cors_rule": [
              {
                "allowed_headers": [
                  "Content-Type"
                ],
                "allowed_methods": [
                  "POST",
                  "PUT"
                ],
                "allowed_origins": [
                  "*"
                ],
                "expose_headers": [],
                "id": "",
                "max_age_seconds": 300
              }
            ],
            "expected_bucket_owner": "",
            "id": "ssooj-receipts-raw-ACCOUNT_ID"
          },
          "sensitive_attributes": [],
          "private": "bnVsbA==",
          "dependencies": [
            "aws_s3_bucket.raw"
          ]
        }
      ]
    },
    {
      "mode": "managed",
      "type": "aws_s3_bucket_notification",
      "name": "new_pdf_to_sqs",
      "provider": "provider[\"registry.terraform.io/hashicorp/aws\"]",
      "instances": [
        {
          "schema_version": 0,
          "attributes": {
            "bucket": "ssooj-receipts-raw-ACCOUNT_ID",
            "eventbridge": false,
            "id": "ssooj-receipts-raw-ACCOUNT_ID",
            "lambda_function": [],
            "queue": [
              {
                "events": [
                  "s3:ObjectCreated:CompleteMultipartUpload",
                  "s3:ObjectCreated:Put"
                ],
                "filter_prefix": "",
                "filter_suffix": ".pdf",
                "id": "tf-s3-queue-20260807184206107900000001",
                "queue_arn": "arn:aws:sqs:eu-west-1:ACCOUNT_ID:ssooj-receipts-queue"
              }
            ],
            "topic": []
          },
          "sensitive_attributes": [],
          "private": "bnVsbA==",
          "dependencies": [
            "aws_s3_bucket.raw",
            "aws_sqs_queue.dlq",
            "aws_sqs_queue.main",
            "aws_sqs_queue_policy.s3_to_sqs"
          ]
        }
      ]
    },
    {
      "mode": "managed",
      "type": "aws_s3_bucket_versioning",
      "name": "raw",
      "provider": "provider[\"registry.terraform.io/hashicorp/aws\"]",
      "instances": [
        {
          "schema_version": 0,
          "attributes": {
            "bucket": "ssooj-receipts-raw-ACCOUNT_ID",
            "expected_bucket_owner": "",
            "id": "ssooj-receipts-raw-ACCOUNT_ID",
            "mfa": null,
            "versioning_configuration": [
              {
                "mfa_delete": "",
                "status": "Enabled"
              }
            ]
          },
          "sensitive_attributes": [],
          "private": "bnVsbA==",
          "dependencies": [
            "aws_s3_bucket.raw"
          ]
        }
      ]
    },
    {
      "mode": "managed",
      "type": "aws_sqs_queue",
      "name": "dlq",
      "provider": "provider[\"registry.terraform.io/hashicorp/aws\"]",
      "instances": [
        {
          "schema_version": 0,
          "attributes": {
            "arn": "arn:aws:sqs:eu-west-1:ACCOUNT_ID:ssooj-receipts-dlq",
            "content_based_deduplication": false,
            "deduplication_scope": "",
            "delay_seconds": 0,
            "fifo_queue": false,
            "fifo_throughput_limit": "",
            "id": "https://sqs.eu-west-1.amazonaws.com/ACCOUNT_ID/ssooj-receipts-dlq",
            "kms_data_key_reuse_period_seconds": 300,
            "kms_master_key_id": "",
            "max_message_size": 262144,
            "message_retention_seconds": 345600,
            "name": "ssooj-receipts-dlq",
            "name_prefix": "",
            "policy": "",
            "receive_wait_time_seconds": 0,
            "redrive_allow_policy": "",
            "redrive_policy": "",
            "sqs_managed_sse_enabled": true,
            "tags": {},
            "tags_all": {
              "ManagedBy": "terraform",
              "Project": "ssooj"
            },
            "timeouts": null,
            "url": "https://sqs.eu-west-1.amazonaws.com/ACCOUNT_ID/ssooj-receipts-dlq",
            "visibility_timeout_seconds": 30
          },
          "sensitive_attributes": [],
          "private": "eyJlMmJmYjczMC1lY2FhLTExZTYtOGY4OC0zNDM2M2JjN2M0YzAiOnsiY3JlYXRlIjoxODAwMDAwMDAwMDAsImRlbGV0ZSI6MTgwMDAwMDAwMDAwLCJ1cGRhdGUiOjE4MDAwMDAwMDAwMH19"
        }
      ]
    },
    {
      "mode": "managed",
      "type": "aws_sqs_queue",
      "name": "main",
      "provider": "provider[\"registry.terraform.io/hashicorp/aws\"]",
      "instances": [
        {
          "schema_version": 0,
          "attributes": {
            "arn": "arn:aws:sqs:eu-west-1:ACCOUNT_ID:ssooj-receipts-queue",
            "content_based_deduplication": false,
            "deduplication_scope": "",
            "delay_seconds": 0,
            "fifo_queue": false,
            "fifo_throughput_limit": "",
            "id": "https://sqs.eu-west-1.amazonaws.com/ACCOUNT_ID/ssooj-receipts-queue",
            "kms_data_key_reuse_period_seconds": 300,
            "kms_master_key_id": "",
            "max_message_size": 262144,
            "message_retention_seconds": 345600,
            "name": "ssooj-receipts-queue",
            "name_prefix": "",
            "policy": "{\"Statement\":[{\"Action\":\"sqs:SendMessage\",\"Condition\":{\"ArnLike\":{\"aws:SourceArn\":\"arn:aws:s3:::ssooj-receipts-raw-ACCOUNT_ID\"}},\"Effect\":\"Allow\",\"Principal\":{\"Service\":\"s3.amazonaws.com\"},\"Resource\":\"arn:aws:sqs:eu-west-1:ACCOUNT_ID:ssooj-receipts-queue\"}],\"Version\":\"2012-10-17\"}",
            "receive_wait_time_seconds": 0,
            "redrive_allow_policy": "",
            "redrive_policy": "{\"deadLetterTargetArn\":\"arn:aws:sqs:eu-west-1:ACCOUNT_ID:ssooj-receipts-dlq\",\"maxReceiveCount\":3}",
            "sqs_managed_sse_enabled": true,
            "tags": {},
            "tags_all": {
              "ManagedBy": "terraform",
              "Project": "ssooj"
            },
            "timeouts": null,
            "url": "https://sqs.eu-west-1.amazonaws.com/ACCOUNT_ID/ssooj-receipts-queue",
            "visibility_timeout_seconds": 30
          },
          "sensitive_attributes": [],
          "private": "eyJlMmJmYjczMC1lY2FhLTExZTYtOGY4OC0zNDM2M2JjN2M0YzAiOnsiY3JlYXRlIjoxODAwMDAwMDAwMDAsImRlbGV0ZSI6MTgwMDAwMDAwMDAwLCJ1cGRhdGUiOjE4MDAwMDAwMDAwMH19",
          "dependencies": [
            "aws_sqs_queue.dlq"
          ]
        }
      ]
    },
    {
      "mode": "managed",
      "type": "aws_sqs_queue_policy",
      "name": "s3_to_sqs",
      "provider": "provider[\"registry.terraform.io/hashicorp/aws\"]",
      "instances": [
        {
          "schema_version": 1,
          "attributes": {
            "id": "https://sqs.eu-west-1.amazonaws.com/ACCOUNT_ID/ssooj-receipts-queue",
            "policy": "{\"Statement\":[{\"Action\":\"sqs:SendMessage\",\"Condition\":{\"ArnLike\":{\"aws:SourceArn\":\"arn:aws:s3:::ssooj-receipts-raw-ACCOUNT_ID\"}},\"Effect\":\"Allow\",\"Principal\":{\"Service\":\"s3.amazonaws.com\"},\"Resource\":\"arn:aws:sqs:eu-west-1:ACCOUNT_ID:ssooj-receipts-queue\"}],\"Version\":\"2012-10-17\"}",
            "queue_url": "https://sqs.eu-west-1.amazonaws.com/ACCOUNT_ID/ssooj-receipts-queue"
          },
          "sensitive_attributes": [],
          "private": "eyJzY2hlbWFfdmVyc2lvbiI6IjEifQ==",
          "dependencies": [
            "aws_s3_bucket.raw",
            "aws_sqs_queue.dlq",
            "aws_sqs_queue.main"
          ]
        }
      ]
    }
  ],
  "check_results": null
}
